{
  "name": "opencc-tonggui-web",
  "lockfileVersion": 3,
  "requires": true,
  "packages": {
    "": {
      "name": "opencc-tonggui-web",
      "dependencies": {
        "opencc-wasm": "0.8.1"
      }
    },
    "node_modules/opencc-wasm": {
      "version": "0.8.1",
      "resolved": "https://registry.npmmirror.com/opencc-wasm/-/opencc-wasm-0.8.1.tgz",
      "integrity": "sha512-4UMfJSSWM0mnppVHDje5AFIe+0sqE2HQWSQcoH+8zi8MQDoGgLbs4BAJIOnWMr9SRrBN1Z1IcG3B3b7MyUpuYw==",
      "license": "Apache-2.0"
    }
  }
}
